
Microsoft Visual Studio Solution File, Format Version 12.00
# Visual Studio Version 16
VisualStudioVersion = 16.0.31005.135
MinimumVisualStudioVersion = 10.0.40219.1
Project("{2150E333-8FDC-42A3-9474-1A3956D46DE8}") = "Domain", "Domain", "{EDA85E70-DAC7-4AB6-AF1F-60C63BE739AD}"
EndProject
Project("{2150E333-8FDC-42A3-9474-1A3956D46DE8}") = "Infrastructure", "Infrastructure", "{A5C00B6C-7E02-4998-90FD-00395DCD56DD}"
EndProject
Project("{2150E333-8FDC-42A3-9474-1A3956D46DE8}") = "Test", "Test", "{68A94CDE-525A-4BC4-9AB6-AB6B40727F92}"
EndProject
Project("{2150E333-8FDC-42A3-9474-1A3956D46DE8}") = "Presentation", "Presentation", "{3626C1CB-8062-48F3-B739-50970ADE532B}"
EndProject
Project("{9A19103F-16F7-4668-BE54-9A1E7A4F7556}") = "Domain.User", "Domain\Domain.User\Domain.User.csproj", "{91CA84D5-74DF-470B-AD41-F6D5714ADB6E}"
EndProject
Project("{9A19103F-16F7-4668-BE54-9A1E7A4F7556}") = "Domain.Shared", "Domain\Domain.Shared\Domain.Shared.csproj", "{A28144E8-9A76-4C11-B2CE-CDA33ABFC63B}"
EndProject
Project("{9A19103F-16F7-4668-BE54-9A1E7A4F7556}") = "Infrastructure.User", "Infrastructure\Infrastructure.User\Infrastructure.User.csproj", "{91BD0C7A-20DA-4FDA-9162-E5FB702E49B2}"
EndProject
Project("{9A19103F-16F7-4668-BE54-9A1E7A4F7556}") = "Test.User", "Test\Test.User\Test.User.csproj", "{125ACECD-A7B6-4384-9AD6-8D0F250926A7}"
EndProject
Project("{9A19103F-16F7-4668-BE54-9A1E7A4F7556}") = "API.User", "Presentation\API.User\API.User.csproj", "{346712CC-9E44-48F8-B8C6-854D14A4E937}"
EndProject
Project("{9A19103F-16F7-4668-BE54-9A1E7A4F7556}") = "Domain.MailOrder", "Domain\Domain.MailOrder\Domain.MailOrder.csproj", "{240426F0-D71F-41DF-81B8-37CDC86D71D6}"
EndProject
Project("{9A19103F-16F7-4668-BE54-9A1E7A4F7556}") = "Domain.Ratio", "Domain\Domain.Ratio\Domain.Ratio.csproj", "{C58DC99D-2024-4645-91A2-1BFF85C08DBF}"
EndProject
Project("{9A19103F-16F7-4668-BE54-9A1E7A4F7556}") = "gRPC.Ratio", "Presentation\gRPC.Ratio\gRPC.Ratio.csproj", "{3CE804AD-C98E-4095-8EC1-72967EB4DCB3}"
EndProject
Project("{9A19103F-16F7-4668-BE54-9A1E7A4F7556}") = "Test.MailOrder", "Test\Test.MailOrder\Test.MailOrder.csproj", "{07E99031-A1FD-4EEC-99AB-003009D52341}"
EndProject
Project("{9A19103F-16F7-4668-BE54-9A1E7A4F7556}") = "Infrastructure.Ratio", "Infrastructure\Infrastructure.Ratio\Infrastructure.Ratio.csproj", "{708C61A2-A012-4244-AB54-4B21F516F2A0}"
EndProject
Project("{9A19103F-16F7-4668-BE54-9A1E7A4F7556}") = "Infrastructure.Shared", "Infrastructure\Infrastructure.Shared\Infrastructure.Shared.csproj", "{D94E0ADF-477E-453C-BEF5-B0C6EE2DA3C7}"
EndProject
Project("{9A19103F-16F7-4668-BE54-9A1E7A4F7556}") = "Infrastructure.MailOrder", "Infrastructure\Infrastructure.MailOrder\Infrastructure.MailOrder.csproj", "{37758E86-AB77-476E-8292-DD30D288FDFD}"
EndProject
Project("{9A19103F-16F7-4668-BE54-9A1E7A4F7556}") = "CustomerPortal", "Presentation\CustomerPortal\CustomerPortal.csproj", "{FA04B1BB-048B-4C37-B2A7-799525372E68}"
EndProject
Global
	GlobalSection(SolutionConfigurationPlatforms) = preSolution
		Debug|Any CPU = Debug|Any CPU
		Release|Any CPU = Release|Any CPU
	EndGlobalSection
	GlobalSection(ProjectConfigurationPlatforms) = postSolution
		{91CA84D5-74DF-470B-AD41-F6D5714ADB6E}.Debug|Any CPU.ActiveCfg = Debug|Any CPU
		{91CA84D5-74DF-470B-AD41-F6D5714ADB6E}.Debug|Any CPU.Build.0 = Debug|Any CPU
		{91CA84D5-74DF-470B-AD41-F6D5714ADB6E}.Release|Any CPU.ActiveCfg = Release|Any CPU
		{91CA84D5-74DF-470B-AD41-F6D5714ADB6E}.Release|Any CPU.Build.0 = Release|Any CPU
		{A28144E8-9A76-4C11-B2CE-CDA33ABFC63B}.Debug|Any CPU.ActiveCfg = Debug|Any CPU
		{A28144E8-9A76-4C11-B2CE-CDA33ABFC63B}.Debug|Any CPU.Build.0 = Debug|Any CPU
		{A28144E8-9A76-4C11-B2CE-CDA33ABFC63B}.Release|Any CPU.ActiveCfg = Release|Any CPU
		{A28144E8-9A76-4C11-B2CE-CDA33ABFC63B}.Release|Any CPU.Build.0 = Release|Any CPU
		{91BD0C7A-20DA-4FDA-9162-E5FB702E49B2}.Debug|Any CPU.ActiveCfg = Debug|Any CPU
		{91BD0C7A-20DA-4FDA-9162-E5FB702E49B2}.Debug|Any CPU.Build.0 = Debug|Any CPU
		{91BD0C7A-20DA-4FDA-9162-E5FB702E49B2}.Release|Any CPU.ActiveCfg = Release|Any CPU
		{91BD0C7A-20DA-4FDA-9162-E5FB702E49B2}.Release|Any CPU.Build.0 = Release|Any CPU
		{125ACECD-A7B6-4384-9AD6-8D0F250926A7}.Debug|Any CPU.ActiveCfg = Debug|Any CPU
		{125ACECD-A7B6-4384-9AD6-8D0F250926A7}.Debug|Any CPU.Build.0 = Debug|Any CPU
		{125ACECD-A7B6-4384-9AD6-8D0F250926A7}.Release|Any CPU.ActiveCfg = Release|Any CPU
		{125ACECD-A7B6-4384-9AD6-8D0F250926A7}.Release|Any CPU.Build.0 = Release|Any CPU
		{346712CC-9E44-48F8-B8C6-854D14A4E937}.Debug|Any CPU.ActiveCfg = Debug|Any CPU
		{346712CC-9E44-48F8-B8C6-854D14A4E937}.Debug|Any CPU.Build.0 = Debug|Any CPU
		{346712CC-9E44-48F8-B8C6-854D14A4E937}.Release|Any CPU.ActiveCfg = Release|Any CPU
		{346712CC-9E44-48F8-B8C6-854D14A4E937}.Release|Any CPU.Build.0 = Release|Any CPU
		{240426F0-D71F-41DF-81B8-37CDC86D71D6}.Debug|Any CPU.ActiveCfg = Debug|Any CPU
		{240426F0-D71F-41DF-81B8-37CDC86D71D6}.Debug|Any CPU.Build.0 = Debug|Any CPU
		{240426F0-D71F-41DF-81B8-37CDC86D71D6}.Release|Any CPU.ActiveCfg = Release|Any CPU
		{240426F0-D71F-41DF-81B8-37CDC86D71D6}.Release|Any CPU.Build.0 = Release|Any CPU
		{C58DC99D-2024-4645-91A2-1BFF85C08DBF}.Debug|Any CPU.ActiveCfg = Debug|Any CPU
		{C58DC99D-2024-4645-91A2-1BFF85C08DBF}.Debug|Any CPU.Build.0 = Debug|Any CPU
		{C58DC99D-2024-4645-91A2-1BFF85C08DBF}.Release|Any CPU.ActiveCfg = Release|Any CPU
		{C58DC99D-2024-4645-91A2-1BFF85C08DBF}.Release|Any CPU.Build.0 = Release|Any CPU
		{3CE804AD-C98E-4095-8EC1-72967EB4DCB3}.Debug|Any CPU.ActiveCfg = Debug|Any CPU
		{3CE804AD-C98E-4095-8EC1-72967EB4DCB3}.Debug|Any CPU.Build.0 = Debug|Any CPU
		{3CE804AD-C98E-4095-8EC1-72967EB4DCB3}.Release|Any CPU.ActiveCfg = Release|Any CPU
		{3CE804AD-C98E-4095-8EC1-72967EB4DCB3}.Release|Any CPU.Build.0 = Release|Any CPU
		{07E99031-A1FD-4EEC-99AB-003009D52341}.Debug|Any CPU.ActiveCfg = Debug|Any CPU
		{07E99031-A1FD-4EEC-99AB-003009D52341}.Debug|Any CPU.Build.0 = Debug|Any CPU
		{07E99031-A1FD-4EEC-99AB-003009D52341}.Release|Any CPU.ActiveCfg = Release|Any CPU
		{07E99031-A1FD-4EEC-99AB-003009D52341}.Release|Any CPU.Build.0 = Release|Any CPU
		{708C61A2-A012-4244-AB54-4B21F516F2A0}.Debug|Any CPU.ActiveCfg = Debug|Any CPU
		{708C61A2-A012-4244-AB54-4B21F516F2A0}.Debug|Any CPU.Build.0 = Debug|Any CPU
		{708C61A2-A012-4244-AB54-4B21F516F2A0}.Release|Any CPU.ActiveCfg = Release|Any CPU
		{708C61A2-A012-4244-AB54-4B21F516F2A0}.Release|Any CPU.Build.0 = Release|Any CPU
		{D94E0ADF-477E-453C-BEF5-B0C6EE2DA3C7}.Debug|Any CPU.ActiveCfg = Debug|Any CPU
		{D94E0ADF-477E-453C-BEF5-B0C6EE2DA3C7}.Debug|Any CPU.Build.0 = Debug|Any CPU
		{D94E0ADF-477E-453C-BEF5-B0C6EE2DA3C7}.Release|Any CPU.ActiveCfg = Release|Any CPU
		{D94E0ADF-477E-453C-BEF5-B0C6EE2DA3C7}.Release|Any CPU.Build.0 = Release|Any CPU
		{37758E86-AB77-476E-8292-DD30D288FDFD}.Debug|Any CPU.ActiveCfg = Debug|Any CPU
		{37758E86-AB77-476E-8292-DD30D288FDFD}.Debug|Any CPU.Build.0 = Debug|Any CPU
		{37758E86-AB77-476E-8292-DD30D288FDFD}.Release|Any CPU.ActiveCfg = Release|Any CPU
		{37758E86-AB77-476E-8292-DD30D288FDFD}.Release|Any CPU.Build.0 = Release|Any CPU
		{FA04B1BB-048B-4C37-B2A7-799525372E68}.Debug|Any CPU.ActiveCfg = Debug|Any CPU
		{FA04B1BB-048B-4C37-B2A7-799525372E68}.Debug|Any CPU.Build.0 = Debug|Any CPU
		{FA04B1BB-048B-4C37-B2A7-799525372E68}.Release|Any CPU.ActiveCfg = Release|Any CPU
		{FA04B1BB-048B-4C37-B2A7-799525372E68}.Release|Any CPU.Build.0 = Release|Any CPU
	EndGlobalSection
	GlobalSection(SolutionProperties) = preSolution
		HideSolutionNode = FALSE
	EndGlobalSection
	GlobalSection(NestedProjects) = preSolution
		{91CA84D5-74DF-470B-AD41-F6D5714ADB6E} = {EDA85E70-DAC7-4AB6-AF1F-60C63BE739AD}
		{A28144E8-9A76-4C11-B2CE-CDA33ABFC63B} = {EDA85E70-DAC7-4AB6-AF1F-60C63BE739AD}
		{91BD0C7A-20DA-4FDA-9162-E5FB702E49B2} = {A5C00B6C-7E02-4998-90FD-00395DCD56DD}
		{125ACECD-A7B6-4384-9AD6-8D0F250926A7} = {68A94CDE-525A-4BC4-9AB6-AB6B40727F92}
		{346712CC-9E44-48F8-B8C6-854D14A4E937} = {3626C1CB-8062-48F3-B739-50970ADE532B}
		{240426F0-D71F-41DF-81B8-37CDC86D71D6} = {EDA85E70-DAC7-4AB6-AF1F-60C63BE739AD}
		{C58DC99D-2024-4645-91A2-1BFF85C08DBF} = {EDA85E70-DAC7-4AB6-AF1F-60C63BE739AD}
		{3CE804AD-C98E-4095-8EC1-72967EB4DCB3} = {3626C1CB-8062-48F3-B739-50970ADE532B}
		{07E99031-A1FD-4EEC-99AB-003009D52341} = {68A94CDE-525A-4BC4-9AB6-AB6B40727F92}
		{708C61A2-A012-4244-AB54-4B21F516F2A0} = {A5C00B6C-7E02-4998-90FD-00395DCD56DD}
		{D94E0ADF-477E-453C-BEF5-B0C6EE2DA3C7} = {A5C00B6C-7E02-4998-90FD-00395DCD56DD}
		{37758E86-AB77-476E-8292-DD30D288FDFD} = {A5C00B6C-7E02-4998-90FD-00395DCD56DD}
		{FA04B1BB-048B-4C37-B2A7-799525372E68} = {3626C1CB-8062-48F3-B739-50970ADE532B}
	EndGlobalSection
	GlobalSection(ExtensibilityGlobals) = postSolution
		SolutionGuid = {07262302-68C0-4C6D-B62D-559E31631815}
	EndGlobalSection
EndGlobal
